
Microsoft Visual Studio Solution File, Format Version 12.00
# Visual Studio Version 17
VisualStudioVersion = 17.3.32804.467
MinimumVisualStudioVersion = 10.0.40219.1
Project("{FAE04EC0-301F-11D3-BF4B-00C04F79EFBC}") = "PS_45_GavraKadabra", "PS_45_GavraKadabra\PS_45_GavraKadabra.csproj", "{4DD9BCF7-9590-48A7-9CE2-708AB9243A34}"
EndProject
Global
	GlobalSection(SolutionConfigurationPlatforms) = preSolution
		Debug|Any CPU = Debug|Any CPU
		Release|Any CPU = Release|Any CPU
	EndGlobalSection
	GlobalSection(ProjectConfigurationPlatforms) = postSolution
		{4DD9BCF7-9590-48A7-9CE2-708AB9243A34}.Debug|Any CPU.ActiveCfg = Debug|Any CPU
		{4DD9BCF7-9590-48A7-9CE2-708AB9243A34}.Debug|Any CPU.Build.0 = Debug|Any CPU
		{4DD9BCF7-9590-48A7-9CE2-708AB9243A34}.Release|Any CPU.ActiveCfg = Release|Any CPU
		{4DD9BCF7-9590-48A7-9CE2-708AB9243A34}.Release|Any CPU.Build.0 = Release|Any CPU
	EndGlobalSection
	GlobalSection(SolutionProperties) = preSolution
		HideSolutionNode = FALSE
	EndGlobalSection
	GlobalSection(ExtensibilityGlobals) = postSolution
		SolutionGuid = {2529B69E-7CE2-4833-8440-9B9B02F73716}
	EndGlobalSection
EndGlobal
